
Microsoft Visual Studio Solution File, Format Version 12.00
# Visual Studio Version 17
VisualStudioVersion = 17.2.32526.322
MinimumVisualStudioVersion = 10.0.40219.1
Project("{888888A0-9F3D-457C-B088-3A5042F75D52}") = "Write a simple program to simulate the operation of the grep command in unix", "Write a simple program to simulate the operation of the grep command in unix.pyproj", "{D35D79B6-EF16-4102-AF3A-F69DA27D0BBE}"
EndProject
Global
	GlobalSection(SolutionConfigurationPlatforms) = preSolution
		Debug|Any CPU = Debug|Any CPU
		Release|Any CPU = Release|Any CPU
	EndGlobalSection
	GlobalSection(ProjectConfigurationPlatforms) = postSolution
		{D35D79B6-EF16-4102-AF3A-F69DA27D0BBE}.Debug|Any CPU.ActiveCfg = Debug|Any CPU
		{D35D79B6-EF16-4102-AF3A-F69DA27D0BBE}.Release|Any CPU.ActiveCfg = Release|Any CPU
	EndGlobalSection
	GlobalSection(SolutionProperties) = preSolution
		HideSolutionNode = FALSE
	EndGlobalSection
	GlobalSection(ExtensibilityGlobals) = postSolution
		SolutionGuid = {8EF17CED-9633-4CED-B762-748B51E9653D}
	EndGlobalSection
EndGlobal
